# This file is generated by running "yarn install" inside your project.
# Manual changes might be lost - proceed with caution!

__metadata:
  version: 7
  cacheKey: 9

"@babel/runtime@npm:^7.7.6":
  version: 7.18.9
  resolution: "@babel/runtime@npm:7.18.9"
  dependencies:
    regenerator-runtime: "npm:^0.13.4"
  checksum: 1581271f6f303662c74e992fc52aaaaa6119eb74ebff5328ff6998a7058795d442d19a5585faa43e344c4e7d48677faf94184a139b5941254069bc0ee579e467
  languageName: node
  linkType: hard

"@esbuild/linux-loong64@npm:0.14.53":
  version: 0.14.53
  resolution: "@esbuild/linux-loong64@npm:0.14.53"
  conditions: os=linux & cpu=loong64
  languageName: node
  linkType: hard

"@yarnpkg/esbuild-plugin-pnp@npm:^3.0.0-rc.14":
  version: 3.0.0-rc.14
  resolution: "@yarnpkg/esbuild-plugin-pnp@npm:3.0.0-rc.14"
  dependencies:
    tslib: "npm:^1.13.0"
  peerDependencies:
    esbuild: ">=0.10.0"
  checksum: 90401bc3024722d6eeea504529bfa1f915e1e02aaaeb70b48c7b8fe15b1123c60b590c467b5da44f2c8d7e10ed57e847d0c23f2e2cf58aa4337560a0f66fb87d
  languageName: node
  linkType: hard

"esbuild-android-64@npm:0.14.53":
  version: 0.14.53
  resolution: "esbuild-android-64@npm:0.14.53"
  conditions: os=android & cpu=x64
  languageName: node
  linkType: hard

"esbuild-android-arm64@npm:0.14.53":
  version: 0.14.53
  resolution: "esbuild-android-arm64@npm:0.14.53"
  conditions: os=android & cpu=arm64
  languageName: node
  linkType: hard

"esbuild-darwin-64@npm:0.14.53":
  version: 0.14.53
  resolution: "esbuild-darwin-64@npm:0.14.53"
  conditions: os=darwin & cpu=x64
  languageName: node
  linkType: hard

"esbuild-darwin-arm64@npm:0.14.53":
  version: 0.14.53
  resolution: "esbuild-darwin-arm64@npm:0.14.53"
  conditions: os=darwin & cpu=arm64
  languageName: node
  linkType: hard

"esbuild-freebsd-64@npm:0.14.53":
  version: 0.14.53
  resolution: "esbuild-freebsd-64@npm:0.14.53"
  conditions: os=freebsd & cpu=x64
  languageName: node
  linkType: hard

"esbuild-freebsd-arm64@npm:0.14.53":
  version: 0.14.53
  resolution: "esbuild-freebsd-arm64@npm:0.14.53"
  conditions: os=freebsd & cpu=arm64
  languageName: node
  linkType: hard

"esbuild-linux-32@npm:0.14.53":
  version: 0.14.53
  resolution: "esbuild-linux-32@npm:0.14.53"
  conditions: os=linux & cpu=ia32
  languageName: node
  linkType: hard

"esbuild-linux-64@npm:0.14.53":
  version: 0.14.53
  resolution: "esbuild-linux-64@npm:0.14.53"
  conditions: os=linux & cpu=x64
  languageName: node
  linkType: hard

"esbuild-linux-arm64@npm:0.14.53":
  version: 0.14.53
  resolution: "esbuild-linux-arm64@npm:0.14.53"
  conditions: os=linux & cpu=arm64
  languageName: node
  linkType: hard

"esbuild-linux-arm@npm:0.14.53":
  version: 0.14.53
  resolution: "esbuild-linux-arm@npm:0.14.53"
  conditions: os=linux & cpu=arm
  languageName: node
  linkType: hard

"esbuild-linux-mips64le@npm:0.14.53":
  version: 0.14.53
  resolution: "esbuild-linux-mips64le@npm:0.14.53"
  conditions: os=linux & cpu=mips64el
  languageName: node
  linkType: hard

"esbuild-linux-ppc64le@npm:0.14.53":
  version: 0.14.53
  resolution: "esbuild-linux-ppc64le@npm:0.14.53"
  conditions: os=linux & cpu=ppc64
  languageName: node
  linkType: hard

"esbuild-linux-riscv64@npm:0.14.53":
  version: 0.14.53
  resolution: "esbuild-linux-riscv64@npm:0.14.53"
  conditions: os=linux & cpu=riscv64
  languageName: node
  linkType: hard

"esbuild-linux-s390x@npm:0.14.53":
  version: 0.14.53
  resolution: "esbuild-linux-s390x@npm:0.14.53"
  conditions: os=linux & cpu=s390x
  languageName: node
  linkType: hard

"esbuild-netbsd-64@npm:0.14.53":
  version: 0.14.53
  resolution: "esbuild-netbsd-64@npm:0.14.53"
  conditions: os=netbsd & cpu=x64
  languageName: node
  linkType: hard

"esbuild-openbsd-64@npm:0.14.53":
  version: 0.14.53
  resolution: "esbuild-openbsd-64@npm:0.14.53"
  conditions: os=openbsd & cpu=x64
  languageName: node
  linkType: hard

"esbuild-sunos-64@npm:0.14.53":
  version: 0.14.53
  resolution: "esbuild-sunos-64@npm:0.14.53"
  conditions: os=sunos & cpu=x64
  languageName: node
  linkType: hard

"esbuild-windows-32@npm:0.14.53":
  version: 0.14.53
  resolution: "esbuild-windows-32@npm:0.14.53"
  conditions: os=win32 & cpu=ia32
  languageName: node
  linkType: hard

"esbuild-windows-64@npm:0.14.53":
  version: 0.14.53
  resolution: "esbuild-windows-64@npm:0.14.53"
  conditions: os=win32 & cpu=x64
  languageName: node
  linkType: hard

"esbuild-windows-arm64@npm:0.14.53":
  version: 0.14.53
  resolution: "esbuild-windows-arm64@npm:0.14.53"
  conditions: os=win32 & cpu=arm64
  languageName: node
  linkType: hard

"esbuild@npm:^0.14.53":
  version: 0.14.53
  resolution: "esbuild@npm:0.14.53"
  dependencies:
    "@esbuild/linux-loong64": "npm:0.14.53"
    esbuild-android-64: "npm:0.14.53"
    esbuild-android-arm64: "npm:0.14.53"
    esbuild-darwin-64: "npm:0.14.53"
    esbuild-darwin-arm64: "npm:0.14.53"
    esbuild-freebsd-64: "npm:0.14.53"
    esbuild-freebsd-arm64: "npm:0.14.53"
    esbuild-linux-32: "npm:0.14.53"
    esbuild-linux-64: "npm:0.14.53"
    esbuild-linux-arm: "npm:0.14.53"
    esbuild-linux-arm64: "npm:0.14.53"
    esbuild-linux-mips64le: "npm:0.14.53"
    esbuild-linux-ppc64le: "npm:0.14.53"
    esbuild-linux-riscv64: "npm:0.14.53"
    esbuild-linux-s390x: "npm:0.14.53"
    esbuild-netbsd-64: "npm:0.14.53"
    esbuild-openbsd-64: "npm:0.14.53"
    esbuild-sunos-64: "npm:0.14.53"
    esbuild-windows-32: "npm:0.14.53"
    esbuild-windows-64: "npm:0.14.53"
    esbuild-windows-arm64: "npm:0.14.53"
  dependenciesMeta:
    "@esbuild/linux-loong64":
      optional: true
    esbuild-android-64:
      optional: true
    esbuild-android-arm64:
      optional: true
    esbuild-darwin-64:
      optional: true
    esbuild-darwin-arm64:
      optional: true
    esbuild-freebsd-64:
      optional: true
    esbuild-freebsd-arm64:
      optional: true
    esbuild-linux-32:
      optional: true
    esbuild-linux-64:
      optional: true
    esbuild-linux-arm:
      optional: true
    esbuild-linux-arm64:
      optional: true
    esbuild-linux-mips64le:
      optional: true
    esbuild-linux-ppc64le:
      optional: true
    esbuild-linux-riscv64:
      optional: true
    esbuild-linux-s390x:
      optional: true
    esbuild-netbsd-64:
      optional: true
    esbuild-openbsd-64:
      optional: true
    esbuild-sunos-64:
      optional: true
    esbuild-windows-32:
      optional: true
    esbuild-windows-64:
      optional: true
    esbuild-windows-arm64:
      optional: true
  bin:
    esbuild: bin/esbuild
  checksum: 6ce34a87e97e063fad05e21ec452c4c7e2d09ff4e0333c65f79311476890aeffc79609d9d3ac20b0a938915ccd0558969435477df7e875e652f1c78a7b926019
  languageName: node
  linkType: hard

"history@npm:^5.2.0":
  version: 5.3.0
  resolution: "history@npm:5.3.0"
  dependencies:
    "@babel/runtime": "npm:^7.7.6"
  checksum: 95f5983c15ce77b5e9aea74e604de4f99d2a165e1e743e58a21e202bd978c566444ab2bb914a1ede85cffa5ec91b4b5b8e46d37c8c79abe8810f554e8b84530f
  languageName: node
  linkType: hard

"js-tokens@npm:^3.0.0 || ^4.0.0":
  version: 4.0.0
  resolution: "js-tokens@npm:4.0.0"
  checksum: 47d1c18dc6b9eed4baf1db3d81b36feb95b463201c82ffce0d7a4d65ede596ba97d6ac2468974199705db9ef8a3433606af41fc7bbe7cb25c1dd601785413d9b
  languageName: node
  linkType: hard

"loose-envify@npm:^1.1.0":
  version: 1.4.0
  resolution: "loose-envify@npm:1.4.0"
  dependencies:
    js-tokens: "npm:^3.0.0 || ^4.0.0"
  bin:
    loose-envify: cli.js
  checksum: 39c5fc44c6a8f7f8a92cccf174554fbb307477ef493760407920fdd4ed5f6cc1aec5b6a5ab3c3767ef79547b3e1aea09d8ca08d773232c662d910cfe473a0590
  languageName: node
  linkType: hard

"react-dom@npm:^18.2.0":
  version: 18.2.0
  resolution: "react-dom@npm:18.2.0"
  dependencies:
    loose-envify: "npm:^1.1.0"
    scheduler: "npm:^0.23.0"
  peerDependencies:
    react: ^18.2.0
  checksum: 7c5b915fb793d63563cec1f721e059e6ff0e2855ac116ab5cb7450b6c59398f5e25f95c960ce5cb93504cc58ab724a75a78e99282354e702a0e667d0d787d028
  languageName: node
  linkType: hard

"react-router-dom@npm:^6.3.0":
  version: 6.3.0
  resolution: "react-router-dom@npm:6.3.0"
  dependencies:
    history: "npm:^5.2.0"
    react-router: "npm:6.3.0"
  peerDependencies:
    react: ">=16.8"
    react-dom: ">=16.8"
  checksum: 78051169fdc7642103479e7194f616cd1d316af8474503d5d3ea8125ed1d3ded2776e2653e8184509220349d3713ceca572cce3297266e2b7ab3dd0067db8605
  languageName: node
  linkType: hard

"react-router@npm:6.3.0":
  version: 6.3.0
  resolution: "react-router@npm:6.3.0"
  dependencies:
    history: "npm:^5.2.0"
  peerDependencies:
    react: ">=16.8"
  checksum: e18db7761282cb28dda7a4f81c4df696f0484c7f998dc339b4939cb9bb9e8d968e33b627a9616adfed141b588ca1885be6be602c12ff52e81b4bab4bf3e629f8
  languageName: node
  linkType: hard

"react@npm:^18.2.0":
  version: 18.2.0
  resolution: "react@npm:18.2.0"
  dependencies:
    loose-envify: "npm:^1.1.0"
  checksum: 8434e5782c52b3bf18a80b666348977924ee3827895fa03ec3ffb9faca90c460049f14130428dd1546bab6cf3b2c277f2c243d3c2a856501331d2e69c24b2bb9
  languageName: node
  linkType: hard

"regenerator-runtime@npm:^0.13.4":
  version: 0.13.9
  resolution: "regenerator-runtime@npm:0.13.9"
  checksum: db060af0b2ca8bb7f12aea9dcf7416ff80259b39c2ddd38e0bd705b0a7acd9f07be133e543bbf54af1e86253b6fd553e3050fd6b30c3282731dd27560427f065
  languageName: node
  linkType: hard

"scheduler@npm:^0.23.0":
  version: 0.23.0
  resolution: "scheduler@npm:0.23.0"
  dependencies:
    loose-envify: "npm:^1.1.0"
  checksum: f4022b95cdc282668643da4850f55fe70c899aa956d11819f196e2ca892271bdb253613e53997852094f9351f7c72d057eea8b28d9b4bcb93bcb1c6d09985c82
  languageName: node
  linkType: hard

"tslib@npm:^1.13.0":
  version: 1.14.1
  resolution: "tslib@npm:1.14.1"
  checksum: 441af59dc42ad4ae57140e62cb362369620c6076845c2c2b0ecc863c1d719ce24fdbc301e9053433fef43075e061bf84b702318ff1204b496a5bba10baf9eb9f
  languageName: node
  linkType: hard

"yarn-ssr-bug@workspace:.":
  version: 0.0.0-use.local
  resolution: "yarn-ssr-bug@workspace:."
  dependencies:
    "@yarnpkg/esbuild-plugin-pnp": "npm:^3.0.0-rc.14"
    esbuild: "npm:^0.14.53"
    react: "npm:^18.2.0"
    react-dom: "npm:^18.2.0"
    react-router-dom: "npm:^6.3.0"
  languageName: unknown
  linkType: soft
